# THIS IS AN AUTOGENERATED FILE. DO NOT EDIT THIS FILE DIRECTLY.
# yarn lockfile v1


"@types/node@*":
  version "12.12.3"
  resolved "https://registry.yarnpkg.com/@types/node/-/node-12.12.3.tgz#ebfe83507ac506bc3486314a8aa395be66af8d23"
  integrity sha512-opgSsy+cEF9N8MgaVPnWVtdJ3o4mV2aMHvDq7thkQUFt0EuOHJon4rQpJfhjmNHB+ikl0Cd6WhWIErOyQ+f7tw==

"@types/through2@^2.0.34":
  version "2.0.34"
  resolved "https://registry.yarnpkg.com/@types/through2/-/through2-2.0.34.tgz#9c2a259a238dace2a05a2f8e94b786961bc27ac4"
  integrity sha512-nhRG8+RuG/L+0fAZBQYaRflXKjTrHOKH8MFTChnf+dNVMxA3wHYYrfj0tztK0W51ABXjGfRCDc0vRkecCOrsow==
  dependencies:
    "@types/node" "*"
