# THIS IS AN AUTOGENERATED FILE. DO NOT EDIT THIS FILE DIRECTLY.
# yarn lockfile v1


"@types/gulp-rename@^0.0.33":
  version "0.0.33"
  resolved "https://registry.yarnpkg.com/@types/gulp-rename/-/gulp-rename-0.0.33.tgz#38d146e97786569f74f5391a1b1f9b5198674b6c"
  integrity sha512-FIZQvbZJj6V1gHPTzO+g/BCWpDur7fJrroae4gwV3LaoHBQ+MrR9sB+2HssK8fHv4WdY6hVNxkcft9bYatuPIA==
  dependencies:
    "@types/node" "*"

"@types/node@*":
  version "12.12.3"
  resolved "https://registry.yarnpkg.com/@types/node/-/node-12.12.3.tgz#ebfe83507ac506bc3486314a8aa395be66af8d23"
  integrity sha512-opgSsy+cEF9N8MgaVPnWVtdJ3o4mV2aMHvDq7thkQUFt0EuOHJon4rQpJfhjmNHB+ikl0Cd6WhWIErOyQ+f7tw==
