# THIS IS AN AUTOGENERATED FILE. DO NOT EDIT THIS FILE DIRECTLY.
# yarn lockfile v1


"@types/node@*":
  version "12.12.3"
  resolved "https://registry.yarnpkg.com/@types/node/-/node-12.12.3.tgz#ebfe83507ac506bc3486314a8aa395be66af8d23"
  integrity sha512-opgSsy+cEF9N8MgaVPnWVtdJ3o4mV2aMHvDq7thkQUFt0EuOHJon4rQpJfhjmNHB+ikl0Cd6WhWIErOyQ+f7tw==

"@types/through2@^2.0.34":
  version "2.0.34"
  resolved "https://registry.yarnpkg.com/@types/through2/-/through2-2.0.34.tgz#9c2a259a238dace2a05a2f8e94b786961bc27ac4"
  integrity sha512-nhRG8+RuG/L+0fAZBQYaRflXKjTrHOKH8MFTChnf+dNVMxA3wHYYrfj0tztK0W51ABXjGfRCDc0vRkecCOrsow==
  dependencies:
    "@types/node" "*"

inherits@^2.0.3:
  version "2.0.4"
  resolved "https://registry.yarnpkg.com/inherits/-/inherits-2.0.4.tgz#0fa2c64f932917c3433a0ded55363aae37416b7c"
  integrity sha512-k/vGaX4/Yla3WzyMCvTQOXYeIHvqOKtnqBduzTHpzpQZzAskKMhZ2K+EnBiSM9zGSoIFeMpXKxa4dYeZIQqewQ==

"readable-stream@2 || 3":
  version "3.4.0"
  resolved "https://registry.yarnpkg.com/readable-stream/-/readable-stream-3.4.0.tgz#a51c26754658e0a3c21dbf59163bd45ba6f447fc"
  integrity sha512-jItXPLmrSR8jmTRmRWJXCnGJsfy85mB3Wd/uINMXA65yrnFo0cPClFIUWzo2najVNSl+mx7/4W8ttlLWJe99pQ==
  dependencies:
    inherits "^2.0.3"
    string_decoder "^1.1.1"
    util-deprecate "^1.0.1"

safe-buffer@~5.2.0:
  version "5.2.0"
  resolved "https://registry.yarnpkg.com/safe-buffer/-/safe-buffer-5.2.0.tgz#b74daec49b1148f88c64b68d49b1e815c1f2f519"
  integrity sha512-fZEwUGbVl7kouZs1jCdMLdt95hdIv0ZeHg6L7qPeciMZhZ+/gdesW4wgTARkrFWEpspjEATAzUGPG8N2jJiwbg==

string_decoder@^1.1.1:
  version "1.3.0"
  resolved "https://registry.yarnpkg.com/string_decoder/-/string_decoder-1.3.0.tgz#42f114594a46cf1a8e30b0a84f56c78c3edac21e"
  integrity sha512-hkRX8U1WjJFd8LsDJ2yQ/wWWxaopEsABU1XfkM8A+j0+85JAGppt16cr1Whg6KIbb4okU6Mql6BOj+uup/wKeA==
  dependencies:
    safe-buffer "~5.2.0"

through2@^3.0.1:
  version "3.0.1"
  resolved "https://registry.yarnpkg.com/through2/-/through2-3.0.1.tgz#39276e713c3302edf9e388dd9c812dd3b825bd5a"
  integrity sha512-M96dvTalPT3YbYLaKaCuwu+j06D/8Jfib0o/PxbVt6Amhv3dUAtW6rTV1jPgJSBG83I/e04Y6xkVdVhSRhi0ww==
  dependencies:
    readable-stream "2 || 3"

ts2gas@^3.4.4:
  version "3.4.4"
  resolved "https://registry.yarnpkg.com/ts2gas/-/ts2gas-3.4.4.tgz#f7d1f72c14311909a901b8a27c753bd921bbe217"
  integrity sha512-u49TaxHUn+y88XqAJSyun488Yc7oqjZUCi/swOT1OP3qiHa/wJTeUH68842US+3OXxKk/As5SRmUHfChTcG3Ng==
  dependencies:
    typescript "^3.4.4"

typescript@^3.4.4:
  version "3.6.4"
  resolved "https://registry.yarnpkg.com/typescript/-/typescript-3.6.4.tgz#b18752bb3792bc1a0281335f7f6ebf1bbfc5b91d"
  integrity sha512-unoCll1+l+YK4i4F8f22TaNVPRHcD9PA3yCuZ8g5e0qGqlVlJ/8FSateOLLSagn+Yg5+ZwuPkL8LFUc0Jcvksg==

util-deprecate@^1.0.1:
  version "1.0.2"
  resolved "https://registry.yarnpkg.com/util-deprecate/-/util-deprecate-1.0.2.tgz#450d4dc9fa70de732762fbd2d4a28981419a0ccf"
  integrity sha1-RQ1Nyfpw3nMnYvvS1KKJgUGaDM8=
